{
  "name": "wordpos-web",
  "version": "1.0.2",
  "lockfileVersion": 1,
  "requires": true,
  "dependencies": {
    "commander": {
      "version": "2.20.3",
      "resolved": "https://registry.npmjs.org/commander/-/commander-2.20.3.tgz",
      "integrity": "sha512-GpVkmM8vF2vQUkj2LvZmD35JxeJOLCwJ9cUkugyk2nuhbv3+mJvpLYYt+0+USMxE+oj+ey/lJEnhZw75x/OMcQ=="
    },
    "underscore": {
      "version": "1.13.1",
      "resolved": "https://registry.npmjs.org/underscore/-/underscore-1.13.1.tgz",
      "integrity": "sha512-hzSoAVtJF+3ZtiFX0VgfFPHEDRm7Y/QPjGyNo4TVdnDTdft3tr8hEkD25a1jC+TjTuE7tkHGKkhwCgs9dgBB2g=="
    },
    "wordnet-db": {
      "version": "3.1.14",
      "resolved": "https://registry.npmjs.org/wordnet-db/-/wordnet-db-3.1.14.tgz",
      "integrity": "sha512-zVyFsvE+mq9MCmwXUWHIcpfbrHHClZWZiVOzKSxNJruIcFn2RbY55zkhiAMMxM8zCVSmtNiViq8FsAZSFpMYag=="
    },
    "wordpos": {
      "version": "2.0.0",
      "resolved": "https://registry.npmjs.org/wordpos/-/wordpos-2.0.0.tgz",
      "integrity": "sha512-GZ3RcP9pciG3CH2sn8tUA6Shs8Fw8MJJoWOMiYD6IpNH1hdb5MK+EIFR1tLx8gbFvtf0ErfOHObvyaZ8IgfFOA==",
      "requires": {
        "commander": "^2.20.3",
        "underscore": ">=1.3.1",
        "wordnet-db": "^3.1.14"
      }
    }
  }
}
